
Microsoft Visual Studio Solution File, Format Version 12.00
# Visual Studio Version 17
VisualStudioVersion = 17.4.33103.184
MinimumVisualStudioVersion = 10.0.40219.1
Project("{8BC9CEB8-8B4A-11D0-8D11-00A0C91BC942}") = "LAB12_1", "LAB12_1\LAB12_1.vcxproj", "{B9CA5E51-9F3C-4B3A-BEEF-0D0A984E96B1}"
EndProject
Project("{8BC9CEB8-8B4A-11D0-8D11-00A0C91BC942}") = "ex_1", "ex_1\ex_1.vcxproj", "{4119B3C5-3FB6-42CD-A127-3C121AFE1AAC}"
EndProject
Project("{8BC9CEB8-8B4A-11D0-8D11-00A0C91BC942}") = "LAB12_3", "LAB12_3\LAB12_3.vcxproj", "{D36CF3D4-6A08-42D7-BDF9-FA0F2023A4E5}"
EndProject
Project("{8BC9CEB8-8B4A-11D0-8D11-00A0C91BC942}") = "LAB12_4", "LAB12_4\LAB12_4.vcxproj", "{FEE93325-5F72-440C-BEA0-B3F32885B0CC}"
EndProject
Project("{8BC9CEB8-8B4A-11D0-8D11-00A0C91BC942}") = "HW12_1", "HW12_1\HW12_1.vcxproj", "{0742BA36-F71B-4E44-A04C-981AA148B1F3}"
EndProject
Project("{8BC9CEB8-8B4A-11D0-8D11-00A0C91BC942}") = "HW12_2", "HW12_2\HW12_2.vcxproj", "{3D7C33D8-8BE3-4154-8473-32CED1F0FAD1}"
EndProject
Project("{8BC9CEB8-8B4A-11D0-8D11-00A0C91BC942}") = "HW12_3", "HW12_3\HW12_3.vcxproj", "{5279EDE6-63B4-4862-8F82-845665EEB441}"
EndProject
Project("{8BC9CEB8-8B4A-11D0-8D11-00A0C91BC942}") = "HW12_6", "HW12_6\HW12_6.vcxproj", "{F103416F-8363-4367-98D3-152D0AF464F9}"
EndProject
Global
	GlobalSection(SolutionConfigurationPlatforms) = preSolution
		Debug|x64 = Debug|x64
		Debug|x86 = Debug|x86
		Release|x64 = Release|x64
		Release|x86 = Release|x86
	EndGlobalSection
	GlobalSection(ProjectConfigurationPlatforms) = postSolution
		{B9CA5E51-9F3C-4B3A-BEEF-0D0A984E96B1}.Debug|x64.ActiveCfg = Debug|x64
		{B9CA5E51-9F3C-4B3A-BEEF-0D0A984E96B1}.Debug|x64.Build.0 = Debug|x64
		{B9CA5E51-9F3C-4B3A-BEEF-0D0A984E96B1}.Debug|x86.ActiveCfg = Debug|Win32
		{B9CA5E51-9F3C-4B3A-BEEF-0D0A984E96B1}.Debug|x86.Build.0 = Debug|Win32
		{B9CA5E51-9F3C-4B3A-BEEF-0D0A984E96B1}.Release|x64.ActiveCfg = Release|x64
		{B9CA5E51-9F3C-4B3A-BEEF-0D0A984E96B1}.Release|x64.Build.0 = Release|x64
		{B9CA5E51-9F3C-4B3A-BEEF-0D0A984E96B1}.Release|x86.ActiveCfg = Release|Win32
		{B9CA5E51-9F3C-4B3A-BEEF-0D0A984E96B1}.Release|x86.Build.0 = Release|Win32
		{4119B3C5-3FB6-42CD-A127-3C121AFE1AAC}.Debug|x64.ActiveCfg = Debug|x64
		{4119B3C5-3FB6-42CD-A127-3C121AFE1AAC}.Debug|x64.Build.0 = Debug|x64
		{4119B3C5-3FB6-42CD-A127-3C121AFE1AAC}.Debug|x86.ActiveCfg = Debug|Win32
		{4119B3C5-3FB6-42CD-A127-3C121AFE1AAC}.Debug|x86.Build.0 = Debug|Win32
		{4119B3C5-3FB6-42CD-A127-3C121AFE1AAC}.Release|x64.ActiveCfg = Release|x64
		{4119B3C5-3FB6-42CD-A127-3C121AFE1AAC}.Release|x64.Build.0 = Release|x64
		{4119B3C5-3FB6-42CD-A127-3C121AFE1AAC}.Release|x86.ActiveCfg = Release|Win32
		{4119B3C5-3FB6-42CD-A127-3C121AFE1AAC}.Release|x86.Build.0 = Release|Win32
		{D36CF3D4-6A08-42D7-BDF9-FA0F2023A4E5}.Debug|x64.ActiveCfg = Debug|x64
		{D36CF3D4-6A08-42D7-BDF9-FA0F2023A4E5}.Debug|x64.Build.0 = Debug|x64
		{D36CF3D4-6A08-42D7-BDF9-FA0F2023A4E5}.Debug|x86.ActiveCfg = Debug|Win32
		{D36CF3D4-6A08-42D7-BDF9-FA0F2023A4E5}.Debug|x86.Build.0 = Debug|Win32
		{D36CF3D4-6A08-42D7-BDF9-FA0F2023A4E5}.Release|x64.ActiveCfg = Release|x64
		{D36CF3D4-6A08-42D7-BDF9-FA0F2023A4E5}.Release|x64.Build.0 = Release|x64
		{D36CF3D4-6A08-42D7-BDF9-FA0F2023A4E5}.Release|x86.ActiveCfg = Release|Win32
		{D36CF3D4-6A08-42D7-BDF9-FA0F2023A4E5}.Release|x86.Build.0 = Release|Win32
		{FEE93325-5F72-440C-BEA0-B3F32885B0CC}.Debug|x64.ActiveCfg = Debug|x64
		{FEE93325-5F72-440C-BEA0-B3F32885B0CC}.Debug|x64.Build.0 = Debug|x64
		{FEE93325-5F72-440C-BEA0-B3F32885B0CC}.Debug|x86.ActiveCfg = Debug|Win32
		{FEE93325-5F72-440C-BEA0-B3F32885B0CC}.Debug|x86.Build.0 = Debug|Win32
		{FEE93325-5F72-440C-BEA0-B3F32885B0CC}.Release|x64.ActiveCfg = Release|x64
		{FEE93325-5F72-440C-BEA0-B3F32885B0CC}.Release|x64.Build.0 = Release|x64
		{FEE93325-5F72-440C-BEA0-B3F32885B0CC}.Release|x86.ActiveCfg = Release|Win32
		{FEE93325-5F72-440C-BEA0-B3F32885B0CC}.Release|x86.Build.0 = Release|Win32
		{0742BA36-F71B-4E44-A04C-981AA148B1F3}.Debug|x64.ActiveCfg = Debug|x64
		{0742BA36-F71B-4E44-A04C-981AA148B1F3}.Debug|x64.Build.0 = Debug|x64
		{0742BA36-F71B-4E44-A04C-981AA148B1F3}.Debug|x86.ActiveCfg = Debug|Win32
		{0742BA36-F71B-4E44-A04C-981AA148B1F3}.Debug|x86.Build.0 = Debug|Win32
		{0742BA36-F71B-4E44-A04C-981AA148B1F3}.Release|x64.ActiveCfg = Release|x64
		{0742BA36-F71B-4E44-A04C-981AA148B1F3}.Release|x64.Build.0 = Release|x64
		{0742BA36-F71B-4E44-A04C-981AA148B1F3}.Release|x86.ActiveCfg = Release|Win32
		{0742BA36-F71B-4E44-A04C-981AA148B1F3}.Release|x86.Build.0 = Release|Win32
		{3D7C33D8-8BE3-4154-8473-32CED1F0FAD1}.Debug|x64.ActiveCfg = Debug|x64
		{3D7C33D8-8BE3-4154-8473-32CED1F0FAD1}.Debug|x64.Build.0 = Debug|x64
		{3D7C33D8-8BE3-4154-8473-32CED1F0FAD1}.Debug|x86.ActiveCfg = Debug|Win32
		{3D7C33D8-8BE3-4154-8473-32CED1F0FAD1}.Debug|x86.Build.0 = Debug|Win32
		{3D7C33D8-8BE3-4154-8473-32CED1F0FAD1}.Release|x64.ActiveCfg = Release|x64
		{3D7C33D8-8BE3-4154-8473-32CED1F0FAD1}.Release|x64.Build.0 = Release|x64
		{3D7C33D8-8BE3-4154-8473-32CED1F0FAD1}.Release|x86.ActiveCfg = Release|Win32
		{3D7C33D8-8BE3-4154-8473-32CED1F0FAD1}.Release|x86.Build.0 = Release|Win32
		{5279EDE6-63B4-4862-8F82-845665EEB441}.Debug|x64.ActiveCfg = Debug|x64
		{5279EDE6-63B4-4862-8F82-845665EEB441}.Debug|x64.Build.0 = Debug|x64
		{5279EDE6-63B4-4862-8F82-845665EEB441}.Debug|x86.ActiveCfg = Debug|Win32
		{5279EDE6-63B4-4862-8F82-845665EEB441}.Debug|x86.Build.0 = Debug|Win32
		{5279EDE6-63B4-4862-8F82-845665EEB441}.Release|x64.ActiveCfg = Release|x64
		{5279EDE6-63B4-4862-8F82-845665EEB441}.Release|x64.Build.0 = Release|x64
		{5279EDE6-63B4-4862-8F82-845665EEB441}.Release|x86.ActiveCfg = Release|Win32
		{5279EDE6-63B4-4862-8F82-845665EEB441}.Release|x86.Build.0 = Release|Win32
		{F103416F-8363-4367-98D3-152D0AF464F9}.Debug|x64.ActiveCfg = Debug|x64
		{F103416F-8363-4367-98D3-152D0AF464F9}.Debug|x64.Build.0 = Debug|x64
		{F103416F-8363-4367-98D3-152D0AF464F9}.Debug|x86.ActiveCfg = Debug|Win32
		{F103416F-8363-4367-98D3-152D0AF464F9}.Debug|x86.Build.0 = Debug|Win32
		{F103416F-8363-4367-98D3-152D0AF464F9}.Release|x64.ActiveCfg = Release|x64
		{F103416F-8363-4367-98D3-152D0AF464F9}.Release|x64.Build.0 = Release|x64
		{F103416F-8363-4367-98D3-152D0AF464F9}.Release|x86.ActiveCfg = Release|Win32
		{F103416F-8363-4367-98D3-152D0AF464F9}.Release|x86.Build.0 = Release|Win32
	EndGlobalSection
	GlobalSection(SolutionProperties) = preSolution
		HideSolutionNode = FALSE
	EndGlobalSection
	GlobalSection(ExtensibilityGlobals) = postSolution
		SolutionGuid = {3602B49C-76AD-416B-A2F4-7F6D74100934}
	EndGlobalSection
EndGlobal
